# This file is automatically @generated by Cargo.
# It is not intended for manual editing.
version = 4

[[package]]
name = "rokr"
version = "0.1.0"
dependencies = [
 "rokr-config",
 "rokr-core",
 "rokr-provider",
 "rokr-session",
 "rokr-tools",
 "rokr-tui",
]

[[package]]
name = "rokr-config"
version = "0.1.0"

[[package]]
name = "rokr-core"
version = "0.1.0"

[[package]]
name = "rokr-provider"
version = "0.1.0"

[[package]]
name = "rokr-session"
version = "0.1.0"

[[package]]
name = "rokr-tools"
version = "0.1.0"

[[package]]
name = "rokr-tui"
version = "0.1.0"
